
Microsoft Visual Studio Solution File, Format Version 12.00
# Visual Studio Version 17
VisualStudioVersion = 17.2.32630.192
MinimumVisualStudioVersion = 10.0.40219.1
Project("{FAE04EC0-301F-11D3-BF4B-00C04F79EFBC}") = "_19", "_19\_19.csproj", "{FD5DF5D2-29EC-4278-B511-CC409D8AA8A4}"
EndProject
Global
	GlobalSection(SolutionConfigurationPlatforms) = preSolution
		Debug|Any CPU = Debug|Any CPU
		Release|Any CPU = Release|Any CPU
	EndGlobalSection
	GlobalSection(ProjectConfigurationPlatforms) = postSolution
		{FD5DF5D2-29EC-4278-B511-CC409D8AA8A4}.Debug|Any CPU.ActiveCfg = Debug|Any CPU
		{FD5DF5D2-29EC-4278-B511-CC409D8AA8A4}.Debug|Any CPU.Build.0 = Debug|Any CPU
		{FD5DF5D2-29EC-4278-B511-CC409D8AA8A4}.Release|Any CPU.ActiveCfg = Release|Any CPU
		{FD5DF5D2-29EC-4278-B511-CC409D8AA8A4}.Release|Any CPU.Build.0 = Release|Any CPU
	EndGlobalSection
	GlobalSection(SolutionProperties) = preSolution
		HideSolutionNode = FALSE
	EndGlobalSection
	GlobalSection(ExtensibilityGlobals) = postSolution
		SolutionGuid = {0F8CFFF5-1E3B-4AF8-9C02-760B62B38E72}
	EndGlobalSection
EndGlobal
